
Microsoft Visual Studio Solution File, Format Version 12.00
# Visual Studio Version 16
VisualStudioVersion = 16.0.31410.357
MinimumVisualStudioVersion = 10.0.40219.1
Project("{FAE04EC0-301F-11D3-BF4B-00C04F79EFBC}") = "ProGitForProgrammers", "ProGitForProgrammers\ProGitForProgrammers.csproj", "{BA6C0032-0CA8-4C4A-A5E1-38FDA1F66BDD}"
EndProject
Global
	GlobalSection(SolutionConfigurationPlatforms) = preSolution
		Debug|Any CPU = Debug|Any CPU
		Release|Any CPU = Release|Any CPU
	EndGlobalSection
	GlobalSection(ProjectConfigurationPlatforms) = postSolution
		{BA6C0032-0CA8-4C4A-A5E1-38FDA1F66BDD}.Debug|Any CPU.ActiveCfg = Debug|Any CPU
		{BA6C0032-0CA8-4C4A-A5E1-38FDA1F66BDD}.Debug|Any CPU.Build.0 = Debug|Any CPU
		{BA6C0032-0CA8-4C4A-A5E1-38FDA1F66BDD}.Release|Any CPU.ActiveCfg = Release|Any CPU
		{BA6C0032-0CA8-4C4A-A5E1-38FDA1F66BDD}.Release|Any CPU.Build.0 = Release|Any CPU
	EndGlobalSection
	GlobalSection(SolutionProperties) = preSolution
		HideSolutionNode = FALSE
	EndGlobalSection
	GlobalSection(ExtensibilityGlobals) = postSolution
		SolutionGuid = {9886FDE9-3014-4A8C-93AA-0647F75D030C}
	EndGlobalSection
EndGlobal
